
Microsoft Visual Studio Solution File, Format Version 12.00
# Visual Studio Version 16
VisualStudioVersion = 16.0.31205.134
MinimumVisualStudioVersion = 10.0.40219.1
Project("{FAE04EC0-301F-11D3-BF4B-00C04F79EFBC}") = "BinaryToDecimal", "BinaryToDecimal\BinaryToDecimal.csproj", "{5E1991D4-8D83-4CAC-80EC-96DDEB4CCFDB}"
EndProject
Global
	GlobalSection(SolutionConfigurationPlatforms) = preSolution
		Debug|Any CPU = Debug|Any CPU
		Release|Any CPU = Release|Any CPU
	EndGlobalSection
	GlobalSection(ProjectConfigurationPlatforms) = postSolution
		{5E1991D4-8D83-4CAC-80EC-96DDEB4CCFDB}.Debug|Any CPU.ActiveCfg = Debug|Any CPU
		{5E1991D4-8D83-4CAC-80EC-96DDEB4CCFDB}.Debug|Any CPU.Build.0 = Debug|Any CPU
		{5E1991D4-8D83-4CAC-80EC-96DDEB4CCFDB}.Release|Any CPU.ActiveCfg = Release|Any CPU
		{5E1991D4-8D83-4CAC-80EC-96DDEB4CCFDB}.Release|Any CPU.Build.0 = Release|Any CPU
	EndGlobalSection
	GlobalSection(SolutionProperties) = preSolution
		HideSolutionNode = FALSE
	EndGlobalSection
	GlobalSection(ExtensibilityGlobals) = postSolution
		SolutionGuid = {D2C19072-493D-4DA7-AA6C-4B9FDEED6A3E}
	EndGlobalSection
EndGlobal
